// !$*UTF8*$!
{
	archiveVersion = 1;
	classes = {
	};
	objectVersion = 56;
	objects = {

/* Begin PBXBuildFile section */
		6A60ECB22A6FD6C2003DB57E /* AppDelegate.swift in Sources */ = {isa = PBXBuildFile; fileRef = 6A60ECB12A6FD6C2003DB57E /* AppDelegate.swift */; };
		6A60ECB42A6FD6C2003DB57E /* SceneDelegate.swift in Sources */ = {isa = PBXBuildFile; fileRef = 6A60ECB32A6FD6C2003DB57E /* SceneDelegate.swift */; };
		6A60ECB62A6FD6C2003DB57E /* RMTabViewController.swift in Sources */ = {isa = PBXBuildFile; fileRef = 6A60ECB52A6FD6C2003DB57E /* RMTabViewController.swift */; };
		6A60ECBB2A6FD6C3003DB57E /* Assets.xcassets in Resources */ = {isa = PBXBuildFile; fileRef = 6A60ECBA2A6FD6C3003DB57E /* Assets.xcassets */; };
		6A60ECBE2A6FD6C3003DB57E /* LaunchScreen.storyboard in Resources */ = {isa = PBXBuildFile; fileRef = 6A60ECBC2A6FD6C3003DB57E /* LaunchScreen.storyboard */; };
		6A60ECCD2A6FDA2F003DB57E /* RMLocation.swift in Sources */ = {isa = PBXBuildFile; fileRef = 6A60ECCC2A6FDA2F003DB57E /* RMLocation.swift */; };
		6A60ECCF2A6FDA4B003DB57E /* RMCharacter.swift in Sources */ = {isa = PBXBuildFile; fileRef = 6A60ECCE2A6FDA4B003DB57E /* RMCharacter.swift */; };
		6A60ECD32A6FDA7B003DB57E /* RMEpisode.swift in Sources */ = {isa = PBXBuildFile; fileRef = 6A60ECD22A6FDA7B003DB57E /* RMEpisode.swift */; };
		6A60ECD62A6FDC56003DB57E /* RMCharacterViewController.swift in Sources */ = {isa = PBXBuildFile; fileRef = 6A60ECD52A6FDC56003DB57E /* RMCharacterViewController.swift */; };
		6A60ECDA2A6FDC93003DB57E /* RMEpisodeViewController.swift in Sources */ = {isa = PBXBuildFile; fileRef = 6A60ECD92A6FDC93003DB57E /* RMEpisodeViewController.swift */; };
		6A60ECDC2A6FDCB4003DB57E /* RMSettingsViewController.swift in Sources */ = {isa = PBXBuildFile; fileRef = 6A60ECDB2A6FDCB4003DB57E /* RMSettingsViewController.swift */; };
		6A60ECDE2A705B02003DB57E /* RMLocationViewController.swift in Sources */ = {isa = PBXBuildFile; fileRef = 6A60ECDD2A705B02003DB57E /* RMLocationViewController.swift */; };
/* End PBXBuildFile section */

/* Begin PBXFileReference section */
		6A60ECAE2A6FD6C2003DB57E /* RickAndMorty.app */ = {isa = PBXFileReference; explicitFileType = wrapper.application; includeInIndex = 0; path = RickAndMorty.app; sourceTree = BUILT_PRODUCTS_DIR; };
		6A60ECB12A6FD6C2003DB57E /* AppDelegate.swift */ = {isa = PBXFileReference; lastKnownFileType = sourcecode.swift; path = AppDelegate.swift; sourceTree = "<group>"; };
		6A60ECB32A6FD6C2003DB57E /* SceneDelegate.swift */ = {isa = PBXFileReference; lastKnownFileType = sourcecode.swift; path = SceneDelegate.swift; sourceTree = "<group>"; };
		6A60ECB52A6FD6C2003DB57E /* RMTabViewController.swift */ = {isa = PBXFileReference; lastKnownFileType = sourcecode.swift; path = RMTabViewController.swift; sourceTree = "<group>"; };
		6A60ECBA2A6FD6C3003DB57E /* Assets.xcassets */ = {isa = PBXFileReference; lastKnownFileType = folder.assetcatalog; path = Assets.xcassets; sourceTree = "<group>"; };
		6A60ECBD2A6FD6C3003DB57E /* Base */ = {isa = PBXFileReference; lastKnownFileType = file.storyboard; name = Base; path = Base.lproj/LaunchScreen.storyboard; sourceTree = "<group>"; };
		6A60ECBF2A6FD6C3003DB57E /* Info.plist */ = {isa = PBXFileReference; lastKnownFileType = text.plist.xml; path = Info.plist; sourceTree = "<group>"; };
		6A60ECCC2A6FDA2F003DB57E /* RMLocation.swift */ = {isa = PBXFileReference; lastKnownFileType = sourcecode.swift; path = RMLocation.swift; sourceTree = "<group>"; };
		6A60ECCE2A6FDA4B003DB57E /* RMCharacter.swift */ = {isa = PBXFileReference; lastKnownFileType = sourcecode.swift; path = RMCharacter.swift; sourceTree = "<group>"; };
		6A60ECD22A6FDA7B003DB57E /* RMEpisode.swift */ = {isa = PBXFileReference; lastKnownFileType = sourcecode.swift; path = RMEpisode.swift; sourceTree = "<group>"; };
		6A60ECD52A6FDC56003DB57E /* RMCharacterViewController.swift */ = {isa = PBXFileReference; lastKnownFileType = sourcecode.swift; path = RMCharacterViewController.swift; sourceTree = "<group>"; };
		6A60ECD92A6FDC93003DB57E /* RMEpisodeViewController.swift */ = {isa = PBXFileReference; lastKnownFileType = sourcecode.swift; path = RMEpisodeViewController.swift; sourceTree = "<group>"; };
		6A60ECDB2A6FDCB4003DB57E /* RMSettingsViewController.swift */ = {isa = PBXFileReference; lastKnownFileType = sourcecode.swift; path = RMSettingsViewController.swift; sourceTree = "<group>"; };
		6A60ECDD2A705B02003DB57E /* RMLocationViewController.swift */ = {isa = PBXFileReference; lastKnownFileType = sourcecode.swift; path = RMLocationViewController.swift; sourceTree = "<group>"; };
/* End PBXFileReference section */

/* Begin PBXFrameworksBuildPhase section */
		6A60ECAB2A6FD6C2003DB57E /* Frameworks */ = {
			isa = PBXFrameworksBuildPhase;
			buildActionMask = 2147483647;
			files = (
			);
			runOnlyForDeploymentPostprocessing = 0;
		};
/* End PBXFrameworksBuildPhase section */

/* Begin PBXGroup section */
		6A60ECA52A6FD6C2003DB57E = {
			isa = PBXGroup;
			children = (
				6A60ECB02A6FD6C2003DB57E /* RickAndMorty */,
				6A60ECAF2A6FD6C2003DB57E /* Products */,
			);
			sourceTree = "<group>";
		};
		6A60ECAF2A6FD6C2003DB57E /* Products */ = {
			isa = PBXGroup;
			children = (
				6A60ECAE2A6FD6C2003DB57E /* RickAndMorty.app */,
			);
			name = Products;
			sourceTree = "<group>";
		};
		6A60ECB02A6FD6C2003DB57E /* RickAndMorty */ = {
			isa = PBXGroup;
			children = (
				6A60ECCB2A6FD965003DB57E /* Resources */,
				6A60ECCA2A6FD95E003DB57E /* Managers */,
				6A60ECC92A6FD94D003DB57E /* APIClients */,
				6A60ECC82A6FD940003DB57E /* ViewModels */,
				6A60ECC72A6FD927003DB57E /* Views */,
				6A60ECC62A6FD919003DB57E /* Models */,
				6A60ECC52A6FD90B003DB57E /* Controller */,
				6A60ECBF2A6FD6C3003DB57E /* Info.plist */,
			);
			path = RickAndMorty;
			sourceTree = "<group>";
		};
		6A60ECC52A6FD90B003DB57E /* Controller */ = {
			isa = PBXGroup;
			children = (
				6A60ECD42A6FDBF6003DB57E /* Core */,
			);
			path = Controller;
			sourceTree = "<group>";
		};
		6A60ECC62A6FD919003DB57E /* Models */ = {
			isa = PBXGroup;
			children = (
				6A60ECCC2A6FDA2F003DB57E /* RMLocation.swift */,
				6A60ECCE2A6FDA4B003DB57E /* RMCharacter.swift */,
				6A60ECD22A6FDA7B003DB57E /* RMEpisode.swift */,
			);
			path = Models;
			sourceTree = "<group>";
		};
		6A60ECC72A6FD927003DB57E /* Views */ = {
			isa = PBXGroup;
			children = (
			);
			path = Views;
			sourceTree = "<group>";
		};
		6A60ECC82A6FD940003DB57E /* ViewModels */ = {
			isa = PBXGroup;
			children = (
			);
			path = ViewModels;
			sourceTree = "<group>";
		};
		6A60ECC92A6FD94D003DB57E /* APIClients */ = {
			isa = PBXGroup;
			children = (
			);
			path = APIClients;
			sourceTree = "<group>";
		};
		6A60ECCA2A6FD95E003DB57E /* Managers */ = {
			isa = PBXGroup;
			children = (
			);
			path = Managers;
			sourceTree = "<group>";
		};
		6A60ECCB2A6FD965003DB57E /* Resources */ = {
			isa = PBXGroup;
			children = (
				6A60ECBA2A6FD6C3003DB57E /* Assets.xcassets */,
				6A60ECBC2A6FD6C3003DB57E /* LaunchScreen.storyboard */,
				6A60ECB12A6FD6C2003DB57E /* AppDelegate.swift */,
				6A60ECB32A6FD6C2003DB57E /* SceneDelegate.swift */,
			);
			path = Resources;
			sourceTree = "<group>";
		};
		6A60ECD42A6FDBF6003DB57E /* Core */ = {
			isa = PBXGroup;
			children = (
				6A60ECB52A6FD6C2003DB57E /* RMTabViewController.swift */,
				6A60ECD52A6FDC56003DB57E /* RMCharacterViewController.swift */,
				6A60ECD92A6FDC93003DB57E /* RMEpisodeViewController.swift */,
				6A60ECDB2A6FDCB4003DB57E /* RMSettingsViewController.swift */,
				6A60ECDD2A705B02003DB57E /* RMLocationViewController.swift */,
			);
			path = Core;
			sourceTree = "<group>";
		};
/* End PBXGroup section */

/* Begin PBXNativeTarget section */
		6A60ECAD2A6FD6C2003DB57E /* RickAndMorty */ = {
			isa = PBXNativeTarget;
			buildConfigurationList = 6A60ECC22A6FD6C3003DB57E /* Build configuration list for PBXNativeTarget "RickAndMorty" */;
			buildPhases = (
				6A60ECAA2A6FD6C2003DB57E /* Sources */,
				6A60ECAB2A6FD6C2003DB57E /* Frameworks */,
				6A60ECAC2A6FD6C2003DB57E /* Resources */,
			);
			buildRules = (
			);
			dependencies = (
			);
			name = RickAndMorty;
			productName = RickAndMorty;
			productReference = 6A60ECAE2A6FD6C2003DB57E /* RickAndMorty.app */;
			productType = "com.apple.product-type.application";
		};
/* End PBXNativeTarget section */

/* Begin PBXProject section */
		6A60ECA62A6FD6C2003DB57E /* Project object */ = {
			isa = PBXProject;
			attributes = {
				BuildIndependentTargetsInParallel = 1;
				LastSwiftUpdateCheck = 1430;
				LastUpgradeCheck = 1430;
				TargetAttributes = {
					6A60ECAD2A6FD6C2003DB57E = {
						CreatedOnToolsVersion = 14.3.1;
					};
				};
			};
			buildConfigurationList = 6A60ECA92A6FD6C2003DB57E /* Build configuration list for PBXProject "RickAndMorty" */;
			compatibilityVersion = "Xcode 14.0";
			developmentRegion = en;
			hasScannedForEncodings = 0;
			knownRegions = (
				en,
				Base,
			);
			mainGroup = 6A60ECA52A6FD6C2003DB57E;
			productRefGroup = 6A60ECAF2A6FD6C2003DB57E /* Products */;
			projectDirPath = "";
			projectRoot = "";
			targets = (
				6A60ECAD2A6FD6C2003DB57E /* RickAndMorty */,
			);
		};
/* End PBXProject section */

/* Begin PBXResourcesBuildPhase section */
		6A60ECAC2A6FD6C2003DB57E /* Resources */ = {
			isa = PBXResourcesBuildPhase;
			buildActionMask = 2147483647;
			files = (
				6A60ECBE2A6FD6C3003DB57E /* LaunchScreen.storyboard in Resources */,
				6A60ECBB2A6FD6C3003DB57E /* Assets.xcassets in Resources */,
			);
			runOnlyForDeploymentPostprocessing = 0;
		};
/* End PBXResourcesBuildPhase section */

/* Begin PBXSourcesBuildPhase section */
		6A60ECAA2A6FD6C2003DB57E /* Sources */ = {
			isa = PBXSourcesBuildPhase;
			buildActionMask = 2147483647;
			files = (
				6A60ECD32A6FDA7B003DB57E /* RMEpisode.swift in Sources */,
				6A60ECB62A6FD6C2003DB57E /* RMTabViewController.swift in Sources */,
				6A60ECDA2A6FDC93003DB57E /* RMEpisodeViewController.swift in Sources */,
				6A60ECB22A6FD6C2003DB57E /* AppDelegate.swift in Sources */,
				6A60ECB42A6FD6C2003DB57E /* SceneDelegate.swift in Sources */,
				6A60ECDC2A6FDCB4003DB57E /* RMSettingsViewController.swift in Sources */,
				6A60ECDE2A705B02003DB57E /* RMLocationViewController.swift in Sources */,
				6A60ECCD2A6FDA2F003DB57E /* RMLocation.swift in Sources */,
				6A60ECCF2A6FDA4B003DB57E /* RMCharacter.swift in Sources */,
				6A60ECD62A6FDC56003DB57E /* RMCharacterViewController.swift in Sources */,
			);
			runOnlyForDeploymentPostprocessing = 0;
		};
/* End PBXSourcesBuildPhase section */

/* Begin PBXVariantGroup section */
		6A60ECBC2A6FD6C3003DB57E /* LaunchScreen.storyboard */ = {
			isa = PBXVariantGroup;
			children = (
				6A60ECBD2A6FD6C3003DB57E /* Base */,
			);
			name = LaunchScreen.storyboard;
			sourceTree = "<group>";
		};
/* End PBXVariantGroup section */

/* Begin XCBuildConfiguration section */
		6A60ECC02A6FD6C3003DB57E /* Debug */ = {
			isa = XCBuildConfiguration;
			buildSettings = {
				ALWAYS_SEARCH_USER_PATHS = NO;
				CLANG_ANALYZER_NONNULL = YES;
				CLANG_ANALYZER_NUMBER_OBJECT_CONVERSION = YES_AGGRESSIVE;
				CLANG_CXX_LANGUAGE_STANDARD = "gnu++20";
				CLANG_ENABLE_MODULES = YES;
				CLANG_ENABLE_OBJC_ARC = YES;
				CLANG_ENABLE_OBJC_WEAK = YES;
				CLANG_WARN_BLOCK_CAPTURE_AUTORELEASING = YES;
				CLANG_WARN_BOOL_CONVERSION = YES;
				CLANG_WARN_COMMA = YES;
				CLANG_WARN_CONSTANT_CONVERSION = YES;
				CLANG_WARN_DEPRECATED_OBJC_IMPLEMENTATIONS = YES;
				CLANG_WARN_DIRECT_OBJC_ISA_USAGE = YES_ERROR;
				CLANG_WARN_DOCUMENTATION_COMMENTS = YES;
				CLANG_WARN_EMPTY_BODY = YES;
				CLANG_WARN_ENUM_CONVERSION = YES;
				CLANG_WARN_INFINITE_RECURSION = YES;
				CLANG_WARN_INT_CONVERSION = YES;
				CLANG_WARN_NON_LITERAL_NULL_CONVERSION = YES;
				CLANG_WARN_OBJC_IMPLICIT_RETAIN_SELF = YES;
				CLANG_WARN_OBJC_LITERAL_CONVERSION = YES;
				CLANG_WARN_OBJC_ROOT_CLASS = YES_ERROR;
				CLANG_WARN_QUOTED_INCLUDE_IN_FRAMEWORK_HEADER = YES;
				CLANG_WARN_RANGE_LOOP_ANALYSIS = YES;
				CLANG_WARN_STRICT_PROTOTYPES = YES;
				CLANG_WARN_SUSPICIOUS_MOVE = YES;
				CLANG_WARN_UNGUARDED_AVAILABILITY = YES_AGGRESSIVE;
				CLANG_WARN_UNREACHABLE_CODE = YES;
				CLANG_WARN__DUPLICATE_METHOD_MATCH = YES;
				COPY_PHASE_STRIP = NO;
				DEBUG_INFORMATION_FORMAT = dwarf;
				ENABLE_STRICT_OBJC_MSGSEND = YES;
				ENABLE_TESTABILITY = YES;
				GCC_C_LANGUAGE_STANDARD = gnu11;
				GCC_DYNAMIC_NO_PIC = NO;
				GCC_NO_COMMON_BLOCKS = YES;
				GCC_OPTIMIZATION_LEVEL = 0;
				GCC_PREPROCESSOR_DEFINITIONS = (
					"DEBUG=1",
					"$(inherited)",
				);
				GCC_WARN_64_TO_32_BIT_CONVERSION = YES;
				GCC_WARN_ABOUT_RETURN_TYPE = YES_ERROR;
				GCC_WARN_UNDECLARED_SELECTOR = YES;
				GCC_WARN_UNINITIALIZED_AUTOS = YES_AGGRESSIVE;
				GCC_WARN_UNUSED_FUNCTION = YES;
				GCC_WARN_UNUSED_VARIABLE = YES;
				IPHONEOS_DEPLOYMENT_TARGET = 16.4;
				MTL_ENABLE_DEBUG_INFO = INCLUDE_SOURCE;
				MTL_FAST_MATH = YES;
				ONLY_ACTIVE_ARCH = YES;
				SDKROOT = iphoneos;
				SWIFT_ACTIVE_COMPILATION_CONDITIONS = DEBUG;
				SWIFT_OPTIMIZATION_LEVEL = "-Onone";
			};
			name = Debug;
		};
		6A60ECC12A6FD6C3003DB57E /* Release */ = {
			isa = XCBuildConfiguration;
			buildSettings = {
				ALWAYS_SEARCH_USER_PATHS = NO;
				CLANG_ANALYZER_NONNULL = YES;
				CLANG_ANALYZER_NUMBER_OBJECT_CONVERSION = YES_AGGRESSIVE;
				CLANG_CXX_LANGUAGE_STANDARD = "gnu++20";
				CLANG_ENABLE_MODULES = YES;
				CLANG_ENABLE_OBJC_ARC = YES;
				CLANG_ENABLE_OBJC_WEAK = YES;
				CLANG_WARN_BLOCK_CAPTURE_AUTORELEASING = YES;
				CLANG_WARN_BOOL_CONVERSION = YES;
				CLANG_WARN_COMMA = YES;
				CLANG_WARN_CONSTANT_CONVERSION = YES;
				CLANG_WARN_DEPRECATED_OBJC_IMPLEMENTATIONS = YES;
				CLANG_WARN_DIRECT_OBJC_ISA_USAGE = YES_ERROR;
				CLANG_WARN_DOCUMENTATION_COMMENTS = YES;
				CLANG_WARN_EMPTY_BODY = YES;
				CLANG_WARN_ENUM_CONVERSION = YES;
				CLANG_WARN_INFINITE_RECURSION = YES;
				CLANG_WARN_INT_CONVERSION = YES;
				CLANG_WARN_NON_LITERAL_NULL_CONVERSION = YES;
				CLANG_WARN_OBJC_IMPLICIT_RETAIN_SELF = YES;
				CLANG_WARN_OBJC_LITERAL_CONVERSION = YES;
				CLANG_WARN_OBJC_ROOT_CLASS = YES_ERROR;
				CLANG_WARN_QUOTED_INCLUDE_IN_FRAMEWORK_HEADER = YES;
				CLANG_WARN_RANGE_LOOP_ANALYSIS = YES;
				CLANG_WARN_STRICT_PROTOTYPES = YES;
				CLANG_WARN_SUSPICIOUS_MOVE = YES;
				CLANG_WARN_UNGUARDED_AVAILABILITY = YES_AGGRESSIVE;
				CLANG_WARN_UNREACHABLE_CODE = YES;
				CLANG_WARN__DUPLICATE_METHOD_MATCH = YES;
				COPY_PHASE_STRIP = NO;
				DEBUG_INFORMATION_FORMAT = "dwarf-with-dsym";
				ENABLE_NS_ASSERTIONS = NO;
				ENABLE_STRICT_OBJC_MSGSEND = YES;
				GCC_C_LANGUAGE_STANDARD = gnu11;
				GCC_NO_COMMON_BLOCKS = YES;
				GCC_WARN_64_TO_32_BIT_CONVERSION = YES;
				GCC_WARN_ABOUT_RETURN_TYPE = YES_ERROR;
				GCC_WARN_UNDECLARED_SELECTOR = YES;
				GCC_WARN_UNINITIALIZED_AUTOS = YES_AGGRESSIVE;
				GCC_WARN_UNUSED_FUNCTION = YES;
				GCC_WARN_UNUSED_VARIABLE = YES;
				IPHONEOS_DEPLOYMENT_TARGET = 16.4;
				MTL_ENABLE_DEBUG_INFO = NO;
				MTL_FAST_MATH = YES;
				SDKROOT = iphoneos;
				SWIFT_COMPILATION_MODE = wholemodule;
				SWIFT_OPTIMIZATION_LEVEL = "-O";
				VALIDATE_PRODUCT = YES;
			};
			name = Release;
		};
		6A60ECC32A6FD6C3003DB57E /* Debug */ = {
			isa = XCBuildConfiguration;
			buildSettings = {
				ASSETCATALOG_COMPILER_APPICON_NAME = AppIcon;
				ASSETCATALOG_COMPILER_GLOBAL_ACCENT_COLOR_NAME = AccentColor;
				CODE_SIGN_STYLE = Automatic;
				CURRENT_PROJECT_VERSION = 1;
				DEVELOPMENT_TEAM = 4HFKA5NL25;
				GENERATE_INFOPLIST_FILE = YES;
				INFOPLIST_FILE = RickAndMorty/Info.plist;
				INFOPLIST_KEY_UIApplicationSupportsIndirectInputEvents = YES;
				INFOPLIST_KEY_UILaunchStoryboardName = LaunchScreen;
				INFOPLIST_KEY_UISupportedInterfaceOrientations_iPad = "UIInterfaceOrientationPortrait UIInterfaceOrientationPortraitUpsideDown UIInterfaceOrientationLandscapeLeft UIInterfaceOrientationLandscapeRight";
				INFOPLIST_KEY_UISupportedInterfaceOrientations_iPhone = "UIInterfaceOrientationPortrait UIInterfaceOrientationLandscapeLeft UIInterfaceOrientationLandscapeRight";
				LD_RUNPATH_SEARCH_PATHS = (
					"$(inherited)",
					"@executable_path/Frameworks",
				);
				MARKETING_VERSION = 1.0;
				PRODUCT_BUNDLE_IDENTIFIER = rezan.RickAndMorty;
				PRODUCT_NAME = "$(TARGET_NAME)";
				SWIFT_EMIT_LOC_STRINGS = YES;
				SWIFT_VERSION = 5.0;
				TARGETED_DEVICE_FAMILY = "1,2";
			};
			name = Debug;
		};
		6A60ECC42A6FD6C3003DB57E /* Release */ = {
			isa = XCBuildConfiguration;
			buildSettings = {
				ASSETCATALOG_COMPILER_APPICON_NAME = AppIcon;
				ASSETCATALOG_COMPILER_GLOBAL_ACCENT_COLOR_NAME = AccentColor;
				CODE_SIGN_STYLE = Automatic;
				CURRENT_PROJECT_VERSION = 1;
				DEVELOPMENT_TEAM = 4HFKA5NL25;
				GENERATE_INFOPLIST_FILE = YES;
				INFOPLIST_FILE = RickAndMorty/Info.plist;
				INFOPLIST_KEY_UIApplicationSupportsIndirectInputEvents = YES;
				INFOPLIST_KEY_UILaunchStoryboardName = LaunchScreen;
				INFOPLIST_KEY_UISupportedInterfaceOrientations_iPad = "UIInterfaceOrientationPortrait UIInterfaceOrientationPortraitUpsideDown UIInterfaceOrientationLandscapeLeft UIInterfaceOrientationLandscapeRight";
				INFOPLIST_KEY_UISupportedInterfaceOrientations_iPhone = "UIInterfaceOrientationPortrait UIInterfaceOrientationLandscapeLeft UIInterfaceOrientationLandscapeRight";
				LD_RUNPATH_SEARCH_PATHS = (
					"$(inherited)",
					"@executable_path/Frameworks",
				);
				MARKETING_VERSION = 1.0;
				PRODUCT_BUNDLE_IDENTIFIER = rezan.RickAndMorty;
				PRODUCT_NAME = "$(TARGET_NAME)";
				SWIFT_EMIT_LOC_STRINGS = YES;
				SWIFT_VERSION = 5.0;
				TARGETED_DEVICE_FAMILY = "1,2";
			};
			name = Release;
		};
/* End XCBuildConfiguration section */

/* Begin XCConfigurationList section */
		6A60ECA92A6FD6C2003DB57E /* Build configuration list for PBXProject "RickAndMorty" */ = {
			isa = XCConfigurationList;
			buildConfigurations = (
				6A60ECC02A6FD6C3003DB57E /* Debug */,
				6A60ECC12A6FD6C3003DB57E /* Release */,
			);
			defaultConfigurationIsVisible = 0;
			defaultConfigurationName = Release;
		};
		6A60ECC22A6FD6C3003DB57E /* Build configuration list for PBXNativeTarget "RickAndMorty" */ = {
			isa = XCConfigurationList;
			buildConfigurations = (
				6A60ECC32A6FD6C3003DB57E /* Debug */,
				6A60ECC42A6FD6C3003DB57E /* Release */,
			);
			defaultConfigurationIsVisible = 0;
			defaultConfigurationName = Release;
		};
/* End XCConfigurationList section */
	};
	rootObject = 6A60ECA62A6FD6C2003DB57E /* Project object */;
}
